// !$*UTF8*$!
{
	archiveVersion = 1;
	classes = {
	};
	objectVersion = 56;
	objects = {

/* Begin PBXBuildFile section */
		9EACA63A2910D4A000BDE802 /* HabitViewController.swift in Sources */ = {isa = PBXBuildFile; fileRef = 9EACA6392910D4A000BDE802 /* HabitViewController.swift */; };
		9EB4E8872913B46D0092AAFB /* HabitDetailsViewController.swift in Sources */ = {isa = PBXBuildFile; fileRef = 9EB4E8862913B46D0092AAFB /* HabitDetailsViewController.swift */; };
		9EC6CE1A290A50BF0066A873 /* ProgressHeaderView.swift in Sources */ = {isa = PBXBuildFile; fileRef = 9EC6CE19290A50BF0066A873 /* ProgressHeaderView.swift */; };
		9EC6CE1C290A8C2E0066A873 /* HabitCollectionViewCell.swift in Sources */ = {isa = PBXBuildFile; fileRef = 9EC6CE1B290A8C2E0066A873 /* HabitCollectionViewCell.swift */; };
		9ED1A4C42907C3D8000B4B96 /* AppDelegate.swift in Sources */ = {isa = PBXBuildFile; fileRef = 9ED1A4C32907C3D8000B4B96 /* AppDelegate.swift */; };
		9ED1A4C62907C3D8000B4B96 /* SceneDelegate.swift in Sources */ = {isa = PBXBuildFile; fileRef = 9ED1A4C52907C3D8000B4B96 /* SceneDelegate.swift */; };
		9ED1A4C82907C3D8000B4B96 /* HabitsViewController.swift in Sources */ = {isa = PBXBuildFile; fileRef = 9ED1A4C72907C3D8000B4B96 /* HabitsViewController.swift */; };
		9ED1A4CD2907C3D9000B4B96 /* Assets.xcassets in Resources */ = {isa = PBXBuildFile; fileRef = 9ED1A4CC2907C3D9000B4B96 /* Assets.xcassets */; };
		9ED1A4D02907C3D9000B4B96 /* LaunchScreen.storyboard in Resources */ = {isa = PBXBuildFile; fileRef = 9ED1A4CE2907C3D9000B4B96 /* LaunchScreen.storyboard */; };
		9ED1A4D82907C434000B4B96 /* HabitsStore.swift in Sources */ = {isa = PBXBuildFile; fileRef = 9ED1A4D72907C434000B4B96 /* HabitsStore.swift */; };
		9ED1A4DE2907D71A000B4B96 /* MainTabBarViewController.swift in Sources */ = {isa = PBXBuildFile; fileRef = 9ED1A4DD2907D71A000B4B96 /* MainTabBarViewController.swift */; };
		9ED1A4E02907D79D000B4B96 /* InfoViewController.swift in Sources */ = {isa = PBXBuildFile; fileRef = 9ED1A4DF2907D79D000B4B96 /* InfoViewController.swift */; };
/* End PBXBuildFile section */

/* Begin PBXFileReference section */
		9EACA6392910D4A000BDE802 /* HabitViewController.swift */ = {isa = PBXFileReference; lastKnownFileType = sourcecode.swift; path = HabitViewController.swift; sourceTree = "<group>"; };
		9EB4E8862913B46D0092AAFB /* HabitDetailsViewController.swift */ = {isa = PBXFileReference; lastKnownFileType = sourcecode.swift; path = HabitDetailsViewController.swift; sourceTree = "<group>"; };
		9EC6CE19290A50BF0066A873 /* ProgressHeaderView.swift */ = {isa = PBXFileReference; lastKnownFileType = sourcecode.swift; path = ProgressHeaderView.swift; sourceTree = "<group>"; };
		9EC6CE1B290A8C2E0066A873 /* HabitCollectionViewCell.swift */ = {isa = PBXFileReference; lastKnownFileType = sourcecode.swift; path = HabitCollectionViewCell.swift; sourceTree = "<group>"; };
		9ED1A4C02907C3D8000B4B96 /* MyHabits.app */ = {isa = PBXFileReference; explicitFileType = wrapper.application; includeInIndex = 0; path = MyHabits.app; sourceTree = BUILT_PRODUCTS_DIR; };
		9ED1A4C32907C3D8000B4B96 /* AppDelegate.swift */ = {isa = PBXFileReference; lastKnownFileType = sourcecode.swift; path = AppDelegate.swift; sourceTree = "<group>"; };
		9ED1A4C52907C3D8000B4B96 /* SceneDelegate.swift */ = {isa = PBXFileReference; lastKnownFileType = sourcecode.swift; path = SceneDelegate.swift; sourceTree = "<group>"; };
		9ED1A4C72907C3D8000B4B96 /* HabitsViewController.swift */ = {isa = PBXFileReference; lastKnownFileType = sourcecode.swift; path = HabitsViewController.swift; sourceTree = "<group>"; };
		9ED1A4CC2907C3D9000B4B96 /* Assets.xcassets */ = {isa = PBXFileReference; lastKnownFileType = folder.assetcatalog; path = Assets.xcassets; sourceTree = "<group>"; };
		9ED1A4CF2907C3D9000B4B96 /* Base */ = {isa = PBXFileReference; lastKnownFileType = file.storyboard; name = Base; path = Base.lproj/LaunchScreen.storyboard; sourceTree = "<group>"; };
		9ED1A4D12907C3D9000B4B96 /* Info.plist */ = {isa = PBXFileReference; lastKnownFileType = text.plist.xml; path = Info.plist; sourceTree = "<group>"; };
		9ED1A4D72907C434000B4B96 /* HabitsStore.swift */ = {isa = PBXFileReference; lastKnownFileType = sourcecode.swift; path = HabitsStore.swift; sourceTree = "<group>"; };
		9ED1A4DD2907D71A000B4B96 /* MainTabBarViewController.swift */ = {isa = PBXFileReference; lastKnownFileType = sourcecode.swift; path = MainTabBarViewController.swift; sourceTree = "<group>"; };
		9ED1A4DF2907D79D000B4B96 /* InfoViewController.swift */ = {isa = PBXFileReference; lastKnownFileType = sourcecode.swift; path = InfoViewController.swift; sourceTree = "<group>"; };
/* End PBXFileReference section */

/* Begin PBXFrameworksBuildPhase section */
		9ED1A4BD2907C3D8000B4B96 /* Frameworks */ = {
			isa = PBXFrameworksBuildPhase;
			buildActionMask = 2147483647;
			files = (
			);
			runOnlyForDeploymentPostprocessing = 0;
		};
/* End PBXFrameworksBuildPhase section */

/* Begin PBXGroup section */
		9EACA6382910D34F00BDE802 /* Model */ = {
			isa = PBXGroup;
			children = (
				9ED1A4D72907C434000B4B96 /* HabitsStore.swift */,
			);
			path = Model;
			sourceTree = "<group>";
		};
		9EC6CE18290A50A80066A873 /* View */ = {
			isa = PBXGroup;
			children = (
				9EC6CE19290A50BF0066A873 /* ProgressHeaderView.swift */,
				9EC6CE1B290A8C2E0066A873 /* HabitCollectionViewCell.swift */,
			);
			path = View;
			sourceTree = "<group>";
		};
		9ED1A4B72907C3D8000B4B96 = {
			isa = PBXGroup;
			children = (
				9ED1A4C22907C3D8000B4B96 /* MyHabits */,
				9ED1A4C12907C3D8000B4B96 /* Products */,
			);
			sourceTree = "<group>";
		};
		9ED1A4C12907C3D8000B4B96 /* Products */ = {
			isa = PBXGroup;
			children = (
				9ED1A4C02907C3D8000B4B96 /* MyHabits.app */,
			);
			name = Products;
			sourceTree = "<group>";
		};
		9ED1A4C22907C3D8000B4B96 /* MyHabits */ = {
			isa = PBXGroup;
			children = (
				9ED1A4C32907C3D8000B4B96 /* AppDelegate.swift */,
				9ED1A4C52907C3D8000B4B96 /* SceneDelegate.swift */,
				9ED1A4DB2907D66D000B4B96 /* Controllers */,
				9EACA6382910D34F00BDE802 /* Model */,
				9EC6CE18290A50A80066A873 /* View */,
				9ED1A4CC2907C3D9000B4B96 /* Assets.xcassets */,
				9ED1A4CE2907C3D9000B4B96 /* LaunchScreen.storyboard */,
				9ED1A4D12907C3D9000B4B96 /* Info.plist */,
			);
			path = MyHabits;
			sourceTree = "<group>";
		};
		9ED1A4DB2907D66D000B4B96 /* Controllers */ = {
			isa = PBXGroup;
			children = (
				9ED1A4C72907C3D8000B4B96 /* HabitsViewController.swift */,
				9EACA6392910D4A000BDE802 /* HabitViewController.swift */,
				9EB4E8862913B46D0092AAFB /* HabitDetailsViewController.swift */,
				9ED1A4DF2907D79D000B4B96 /* InfoViewController.swift */,
				9ED1A4DD2907D71A000B4B96 /* MainTabBarViewController.swift */,
			);
			path = Controllers;
			sourceTree = "<group>";
		};
/* End PBXGroup section */

/* Begin PBXNativeTarget section */
		9ED1A4BF2907C3D8000B4B96 /* MyHabits */ = {
			isa = PBXNativeTarget;
			buildConfigurationList = 9ED1A4D42907C3D9000B4B96 /* Build configuration list for PBXNativeTarget "MyHabits" */;
			buildPhases = (
				9ED1A4BC2907C3D8000B4B96 /* Sources */,
				9ED1A4BD2907C3D8000B4B96 /* Frameworks */,
				9ED1A4BE2907C3D8000B4B96 /* Resources */,
			);
			buildRules = (
			);
			dependencies = (
			);
			name = MyHabits;
			productName = MyHabits;
			productReference = 9ED1A4C02907C3D8000B4B96 /* MyHabits.app */;
			productType = "com.apple.product-type.application";
		};
/* End PBXNativeTarget section */

/* Begin PBXProject section */
		9ED1A4B82907C3D8000B4B96 /* Project object */ = {
			isa = PBXProject;
			attributes = {
				BuildIndependentTargetsInParallel = 1;
				LastSwiftUpdateCheck = 1400;
				LastUpgradeCheck = 1400;
				TargetAttributes = {
					9ED1A4BF2907C3D8000B4B96 = {
						CreatedOnToolsVersion = 14.0.1;
					};
				};
			};
			buildConfigurationList = 9ED1A4BB2907C3D8000B4B96 /* Build configuration list for PBXProject "MyHabits" */;
			compatibilityVersion = "Xcode 14.0";
			developmentRegion = en;
			hasScannedForEncodings = 0;
			knownRegions = (
				en,
				Base,
			);
			mainGroup = 9ED1A4B72907C3D8000B4B96;
			productRefGroup = 9ED1A4C12907C3D8000B4B96 /* Products */;
			projectDirPath = "";
			projectRoot = "";
			targets = (
				9ED1A4BF2907C3D8000B4B96 /* MyHabits */,
			);
		};
/* End PBXProject section */

/* Begin PBXResourcesBuildPhase section */
		9ED1A4BE2907C3D8000B4B96 /* Resources */ = {
			isa = PBXResourcesBuildPhase;
			buildActionMask = 2147483647;
			files = (
				9ED1A4D02907C3D9000B4B96 /* LaunchScreen.storyboard in Resources */,
				9ED1A4CD2907C3D9000B4B96 /* Assets.xcassets in Resources */,
			);
			runOnlyForDeploymentPostprocessing = 0;
		};
/* End PBXResourcesBuildPhase section */

/* Begin PBXSourcesBuildPhase section */
		9ED1A4BC2907C3D8000B4B96 /* Sources */ = {
			isa = PBXSourcesBuildPhase;
			buildActionMask = 2147483647;
			files = (
				9ED1A4D82907C434000B4B96 /* HabitsStore.swift in Sources */,
				9ED1A4C82907C3D8000B4B96 /* HabitsViewController.swift in Sources */,
				9EACA63A2910D4A000BDE802 /* HabitViewController.swift in Sources */,
				9EC6CE1A290A50BF0066A873 /* ProgressHeaderView.swift in Sources */,
				9ED1A4E02907D79D000B4B96 /* InfoViewController.swift in Sources */,
				9ED1A4DE2907D71A000B4B96 /* MainTabBarViewController.swift in Sources */,
				9ED1A4C42907C3D8000B4B96 /* AppDelegate.swift in Sources */,
				9ED1A4C62907C3D8000B4B96 /* SceneDelegate.swift in Sources */,
				9EB4E8872913B46D0092AAFB /* HabitDetailsViewController.swift in Sources */,
				9EC6CE1C290A8C2E0066A873 /* HabitCollectionViewCell.swift in Sources */,
			);
			runOnlyForDeploymentPostprocessing = 0;
		};
/* End PBXSourcesBuildPhase section */

/* Begin PBXVariantGroup section */
		9ED1A4CE2907C3D9000B4B96 /* LaunchScreen.storyboard */ = {
			isa = PBXVariantGroup;
			children = (
				9ED1A4CF2907C3D9000B4B96 /* Base */,
			);
			name = LaunchScreen.storyboard;
			sourceTree = "<group>";
		};
/* End PBXVariantGroup section */

/* Begin XCBuildConfiguration section */
		9ED1A4D22907C3D9000B4B96 /* Debug */ = {
			isa = XCBuildConfiguration;
			buildSettings = {
				ALWAYS_SEARCH_USER_PATHS = NO;
				CLANG_ANALYZER_NONNULL = YES;
				CLANG_ANALYZER_NUMBER_OBJECT_CONVERSION = YES_AGGRESSIVE;
				CLANG_CXX_LANGUAGE_STANDARD = "gnu++20";
				CLANG_ENABLE_MODULES = YES;
				CLANG_ENABLE_OBJC_ARC = YES;
				CLANG_ENABLE_OBJC_WEAK = YES;
				CLANG_WARN_BLOCK_CAPTURE_AUTORELEASING = YES;
				CLANG_WARN_BOOL_CONVERSION = YES;
				CLANG_WARN_COMMA = YES;
				CLANG_WARN_CONSTANT_CONVERSION = YES;
				CLANG_WARN_DEPRECATED_OBJC_IMPLEMENTATIONS = YES;
				CLANG_WARN_DIRECT_OBJC_ISA_USAGE = YES_ERROR;
				CLANG_WARN_DOCUMENTATION_COMMENTS = YES;
				CLANG_WARN_EMPTY_BODY = YES;
				CLANG_WARN_ENUM_CONVERSION = YES;
				CLANG_WARN_INFINITE_RECURSION = YES;
				CLANG_WARN_INT_CONVERSION = YES;
				CLANG_WARN_NON_LITERAL_NULL_CONVERSION = YES;
				CLANG_WARN_OBJC_IMPLICIT_RETAIN_SELF = YES;
				CLANG_WARN_OBJC_LITERAL_CONVERSION = YES;
				CLANG_WARN_OBJC_ROOT_CLASS = YES_ERROR;
				CLANG_WARN_QUOTED_INCLUDE_IN_FRAMEWORK_HEADER = YES;
				CLANG_WARN_RANGE_LOOP_ANALYSIS = YES;
				CLANG_WARN_STRICT_PROTOTYPES = YES;
				CLANG_WARN_SUSPICIOUS_MOVE = YES;
				CLANG_WARN_UNGUARDED_AVAILABILITY = YES_AGGRESSIVE;
				CLANG_WARN_UNREACHABLE_CODE = YES;
				CLANG_WARN__DUPLICATE_METHOD_MATCH = YES;
				COPY_PHASE_STRIP = NO;
				DEBUG_INFORMATION_FORMAT = dwarf;
				ENABLE_STRICT_OBJC_MSGSEND = YES;
				ENABLE_TESTABILITY = YES;
				GCC_C_LANGUAGE_STANDARD = gnu11;
				GCC_DYNAMIC_NO_PIC = NO;
				GCC_NO_COMMON_BLOCKS = YES;
				GCC_OPTIMIZATION_LEVEL = 0;
				GCC_PREPROCESSOR_DEFINITIONS = (
					"DEBUG=1",
					"$(inherited)",
				);
				GCC_WARN_64_TO_32_BIT_CONVERSION = YES;
				GCC_WARN_ABOUT_RETURN_TYPE = YES_ERROR;
				GCC_WARN_UNDECLARED_SELECTOR = YES;
				GCC_WARN_UNINITIALIZED_AUTOS = YES_AGGRESSIVE;
				GCC_WARN_UNUSED_FUNCTION = YES;
				GCC_WARN_UNUSED_VARIABLE = YES;
				IPHONEOS_DEPLOYMENT_TARGET = 16.0;
				MTL_ENABLE_DEBUG_INFO = INCLUDE_SOURCE;
				MTL_FAST_MATH = YES;
				ONLY_ACTIVE_ARCH = YES;
				SDKROOT = iphoneos;
				SWIFT_ACTIVE_COMPILATION_CONDITIONS = DEBUG;
				SWIFT_OPTIMIZATION_LEVEL = "-Onone";
			};
			name = Debug;
		};
		9ED1A4D32907C3D9000B4B96 /* Release */ = {
			isa = XCBuildConfiguration;
			buildSettings = {
				ALWAYS_SEARCH_USER_PATHS = NO;
				CLANG_ANALYZER_NONNULL = YES;
				CLANG_ANALYZER_NUMBER_OBJECT_CONVERSION = YES_AGGRESSIVE;
				CLANG_CXX_LANGUAGE_STANDARD = "gnu++20";
				CLANG_ENABLE_MODULES = YES;
				CLANG_ENABLE_OBJC_ARC = YES;
				CLANG_ENABLE_OBJC_WEAK = YES;
				CLANG_WARN_BLOCK_CAPTURE_AUTORELEASING = YES;
				CLANG_WARN_BOOL_CONVERSION = YES;
				CLANG_WARN_COMMA = YES;
				CLANG_WARN_CONSTANT_CONVERSION = YES;
				CLANG_WARN_DEPRECATED_OBJC_IMPLEMENTATIONS = YES;
				CLANG_WARN_DIRECT_OBJC_ISA_USAGE = YES_ERROR;
				CLANG_WARN_DOCUMENTATION_COMMENTS = YES;
				CLANG_WARN_EMPTY_BODY = YES;
				CLANG_WARN_ENUM_CONVERSION = YES;
				CLANG_WARN_INFINITE_RECURSION = YES;
				CLANG_WARN_INT_CONVERSION = YES;
				CLANG_WARN_NON_LITERAL_NULL_CONVERSION = YES;
				CLANG_WARN_OBJC_IMPLICIT_RETAIN_SELF = YES;
				CLANG_WARN_OBJC_LITERAL_CONVERSION = YES;
				CLANG_WARN_OBJC_ROOT_CLASS = YES_ERROR;
				CLANG_WARN_QUOTED_INCLUDE_IN_FRAMEWORK_HEADER = YES;
				CLANG_WARN_RANGE_LOOP_ANALYSIS = YES;
				CLANG_WARN_STRICT_PROTOTYPES = YES;
				CLANG_WARN_SUSPICIOUS_MOVE = YES;
				CLANG_WARN_UNGUARDED_AVAILABILITY = YES_AGGRESSIVE;
				CLANG_WARN_UNREACHABLE_CODE = YES;
				CLANG_WARN__DUPLICATE_METHOD_MATCH = YES;
				COPY_PHASE_STRIP = NO;
				DEBUG_INFORMATION_FORMAT = "dwarf-with-dsym";
				ENABLE_NS_ASSERTIONS = NO;
				ENABLE_STRICT_OBJC_MSGSEND = YES;
				GCC_C_LANGUAGE_STANDARD = gnu11;
				GCC_NO_COMMON_BLOCKS = YES;
				GCC_WARN_64_TO_32_BIT_CONVERSION = YES;
				GCC_WARN_ABOUT_RETURN_TYPE = YES_ERROR;
				GCC_WARN_UNDECLARED_SELECTOR = YES;
				GCC_WARN_UNINITIALIZED_AUTOS = YES_AGGRESSIVE;
				GCC_WARN_UNUSED_FUNCTION = YES;
				GCC_WARN_UNUSED_VARIABLE = YES;
				IPHONEOS_DEPLOYMENT_TARGET = 16.0;
				MTL_ENABLE_DEBUG_INFO = NO;
				MTL_FAST_MATH = YES;
				SDKROOT = iphoneos;
				SWIFT_COMPILATION_MODE = wholemodule;
				SWIFT_OPTIMIZATION_LEVEL = "-O";
				VALIDATE_PRODUCT = YES;
			};
			name = Release;
		};
		9ED1A4D52907C3D9000B4B96 /* Debug */ = {
			isa = XCBuildConfiguration;
			buildSettings = {
				ASSETCATALOG_COMPILER_APPICON_NAME = AppIcon;
				ASSETCATALOG_COMPILER_GLOBAL_ACCENT_COLOR_NAME = AccentColor;
				ASSETCATALOG_COMPILER_INCLUDE_ALL_APPICON_ASSETS = NO;
				CODE_SIGN_STYLE = Automatic;
				CURRENT_PROJECT_VERSION = 1;
				DEVELOPMENT_TEAM = 56GJJ22ADR;
				GENERATE_INFOPLIST_FILE = YES;
				INFOPLIST_FILE = MyHabits/Info.plist;
				INFOPLIST_KEY_UIApplicationSupportsIndirectInputEvents = YES;
				INFOPLIST_KEY_UILaunchStoryboardName = LaunchScreen.storyboard;
				INFOPLIST_KEY_UISupportedInterfaceOrientations_iPad = "UIInterfaceOrientationPortrait UIInterfaceOrientationPortraitUpsideDown UIInterfaceOrientationLandscapeLeft UIInterfaceOrientationLandscapeRight";
				INFOPLIST_KEY_UISupportedInterfaceOrientations_iPhone = "UIInterfaceOrientationPortrait UIInterfaceOrientationLandscapeLeft UIInterfaceOrientationLandscapeRight";
				LD_RUNPATH_SEARCH_PATHS = (
					"$(inherited)",
					"@executable_path/Frameworks",
				);
				MARKETING_VERSION = 1.0;
				PRODUCT_BUNDLE_IDENTIFIER = AlexanderKorchak.MyHabits;
				PRODUCT_NAME = "$(TARGET_NAME)";
				SUPPORTED_PLATFORMS = "iphoneos iphonesimulator";
				SUPPORTS_MACCATALYST = NO;
				SUPPORTS_MAC_DESIGNED_FOR_IPHONE_IPAD = NO;
				SWIFT_EMIT_LOC_STRINGS = YES;
				SWIFT_VERSION = 5.0;
				TARGETED_DEVICE_FAMILY = "1,2";
			};
			name = Debug;
		};
		9ED1A4D62907C3D9000B4B96 /* Release */ = {
			isa = XCBuildConfiguration;
			buildSettings = {
				ASSETCATALOG_COMPILER_APPICON_NAME = AppIcon;
				ASSETCATALOG_COMPILER_GLOBAL_ACCENT_COLOR_NAME = AccentColor;
				ASSETCATALOG_COMPILER_INCLUDE_ALL_APPICON_ASSETS = NO;
				CODE_SIGN_STYLE = Automatic;
				CURRENT_PROJECT_VERSION = 1;
				DEVELOPMENT_TEAM = 56GJJ22ADR;
				GENERATE_INFOPLIST_FILE = YES;
				INFOPLIST_FILE = MyHabits/Info.plist;
				INFOPLIST_KEY_UIApplicationSupportsIndirectInputEvents = YES;
				INFOPLIST_KEY_UILaunchStoryboardName = LaunchScreen.storyboard;
				INFOPLIST_KEY_UISupportedInterfaceOrientations_iPad = "UIInterfaceOrientationPortrait UIInterfaceOrientationPortraitUpsideDown UIInterfaceOrientationLandscapeLeft UIInterfaceOrientationLandscapeRight";
				INFOPLIST_KEY_UISupportedInterfaceOrientations_iPhone = "UIInterfaceOrientationPortrait UIInterfaceOrientationLandscapeLeft UIInterfaceOrientationLandscapeRight";
				LD_RUNPATH_SEARCH_PATHS = (
					"$(inherited)",
					"@executable_path/Frameworks",
				);
				MARKETING_VERSION = 1.0;
				PRODUCT_BUNDLE_IDENTIFIER = AlexanderKorchak.MyHabits;
				PRODUCT_NAME = "$(TARGET_NAME)";
				SUPPORTED_PLATFORMS = "iphoneos iphonesimulator";
				SUPPORTS_MACCATALYST = NO;
				SUPPORTS_MAC_DESIGNED_FOR_IPHONE_IPAD = NO;
				SWIFT_EMIT_LOC_STRINGS = YES;
				SWIFT_VERSION = 5.0;
				TARGETED_DEVICE_FAMILY = "1,2";
			};
			name = Release;
		};
/* End XCBuildConfiguration section */

/* Begin XCConfigurationList section */
		9ED1A4BB2907C3D8000B4B96 /* Build configuration list for PBXProject "MyHabits" */ = {
			isa = XCConfigurationList;
			buildConfigurations = (
				9ED1A4D22907C3D9000B4B96 /* Debug */,
				9ED1A4D32907C3D9000B4B96 /* Release */,
			);
			defaultConfigurationIsVisible = 0;
			defaultConfigurationName = Release;
		};
		9ED1A4D42907C3D9000B4B96 /* Build configuration list for PBXNativeTarget "MyHabits" */ = {
			isa = XCConfigurationList;
			buildConfigurations = (
				9ED1A4D52907C3D9000B4B96 /* Debug */,
				9ED1A4D62907C3D9000B4B96 /* Release */,
			);
			defaultConfigurationIsVisible = 0;
			defaultConfigurationName = Release;
		};
/* End XCConfigurationList section */
	};
	rootObject = 9ED1A4B82907C3D8000B4B96 /* Project object */;
}
